
Microsoft Visual Studio Solution File, Format Version 12.00
# Visual Studio Version 16
VisualStudioVersion = 16.0.810.16
MinimumVisualStudioVersion = 10.0.40219.1
Project("{FAE04EC0-301F-11D3-BF4B-00C04F79EFBC}") = "program", "program.csproj", "{D18C7B54-FE95-48CF-8FF1-99459848E5A0}"
EndProject
Global
	GlobalSection(SolutionConfigurationPlatforms) = preSolution
		Debug|Any CPU = Debug|Any CPU
		Release|Any CPU = Release|Any CPU
	EndGlobalSection
	GlobalSection(ProjectConfigurationPlatforms) = postSolution
		{D18C7B54-FE95-48CF-8FF1-99459848E5A0}.Debug|Any CPU.ActiveCfg = Debug|Any CPU
		{D18C7B54-FE95-48CF-8FF1-99459848E5A0}.Debug|Any CPU.Build.0 = Debug|Any CPU
		{D18C7B54-FE95-48CF-8FF1-99459848E5A0}.Release|Any CPU.ActiveCfg = Release|Any CPU
		{D18C7B54-FE95-48CF-8FF1-99459848E5A0}.Release|Any CPU.Build.0 = Release|Any CPU
	EndGlobalSection
	GlobalSection(SolutionProperties) = preSolution
		HideSolutionNode = FALSE
	EndGlobalSection
	GlobalSection(ExtensibilityGlobals) = postSolution
		SolutionGuid = {53516D9A-9D29-4AA8-8B6B-2D268BACC95E}
	EndGlobalSection
EndGlobal
