
Microsoft Visual Studio Solution File, Format Version 12.00
# Visual Studio Version 16
VisualStudioVersion = 16.0.810.16
MinimumVisualStudioVersion = 10.0.40219.1
Project("{FAE04EC0-301F-11D3-BF4B-00C04F79EFBC}") = "ficha1_ex7", "ficha1_ex7.csproj", "{1C890F2E-94E8-4E12-89B8-CD5E2F68D1EB}"
EndProject
Global
	GlobalSection(SolutionConfigurationPlatforms) = preSolution
		Debug|Any CPU = Debug|Any CPU
		Release|Any CPU = Release|Any CPU
	EndGlobalSection
	GlobalSection(ProjectConfigurationPlatforms) = postSolution
		{1C890F2E-94E8-4E12-89B8-CD5E2F68D1EB}.Debug|Any CPU.ActiveCfg = Debug|Any CPU
		{1C890F2E-94E8-4E12-89B8-CD5E2F68D1EB}.Debug|Any CPU.Build.0 = Debug|Any CPU
		{1C890F2E-94E8-4E12-89B8-CD5E2F68D1EB}.Release|Any CPU.ActiveCfg = Release|Any CPU
		{1C890F2E-94E8-4E12-89B8-CD5E2F68D1EB}.Release|Any CPU.Build.0 = Release|Any CPU
	EndGlobalSection
	GlobalSection(SolutionProperties) = preSolution
		HideSolutionNode = FALSE
	EndGlobalSection
	GlobalSection(ExtensibilityGlobals) = postSolution
		SolutionGuid = {6618E19E-7373-4E3C-B94F-414D4300D82D}
	EndGlobalSection
EndGlobal
